{
  "requires": true,
  "lockfileVersion": 1,
  "dependencies": {
    "angular-ui-sortable": {
      "version": "0.17.2",
      "resolved": "http://registry.npm.taobao.org/angular-ui-sortable/download/angular-ui-sortable-0.17.2.tgz",
      "integrity": "sha1-jEQmytMGx83RwwtFSvhbLRWBjNw="
    }
  }
}
